
Microsoft Visual Studio Solution File, Format Version 12.00
# Visual Studio Version 17
VisualStudioVersion = 17.14.36414.22 d17.14
MinimumVisualStudioVersion = 10.0.40219.1
Project("{FAE04EC0-301F-11D3-BF4B-00C04F79EFBC}") = "Trazert-API", "Trazert-API.csproj", "{217A0470-6FB1-4200-8049-1BC8275BC458}"
EndProject
Global
	GlobalSection(SolutionConfigurationPlatforms) = preSolution
		Debug|Any CPU = Debug|Any CPU
		Release|Any CPU = Release|Any CPU
	EndGlobalSection
	GlobalSection(ProjectConfigurationPlatforms) = postSolution
		{217A0470-6FB1-4200-8049-1BC8275BC458}.Debug|Any CPU.ActiveCfg = Debug|Any CPU
		{217A0470-6FB1-4200-8049-1BC8275BC458}.Debug|Any CPU.Build.0 = Debug|Any CPU
		{217A0470-6FB1-4200-8049-1BC8275BC458}.Release|Any CPU.ActiveCfg = Release|Any CPU
		{217A0470-6FB1-4200-8049-1BC8275BC458}.Release|Any CPU.Build.0 = Release|Any CPU
	EndGlobalSection
	GlobalSection(SolutionProperties) = preSolution
		HideSolutionNode = FALSE
	EndGlobalSection
	GlobalSection(ExtensibilityGlobals) = postSolution
		SolutionGuid = {59B5CA18-EE50-4E25-8314-F9185DACA028}
	EndGlobalSection
EndGlobal
